
Microsoft Visual Studio Solution File, Format Version 12.00
# Visual Studio Version 17
VisualStudioVersion = 17.7.34202.233
MinimumVisualStudioVersion = 10.0.40219.1
Project("{FAE04EC0-301F-11D3-BF4B-00C04F79EFBC}") = "RPGMakerMVEngine", "RPGMakerMVEngine\RPGMakerMVEngine.csproj", "{305C204D-3B65-489C-87F9-768E8831210B}"
EndProject
Global
	GlobalSection(SolutionConfigurationPlatforms) = preSolution
		Debug|Any CPU = Debug|Any CPU
		Release|Any CPU = Release|Any CPU
	EndGlobalSection
	GlobalSection(ProjectConfigurationPlatforms) = postSolution
		{305C204D-3B65-489C-87F9-768E8831210B}.Debug|Any CPU.ActiveCfg = Debug|Any CPU
		{305C204D-3B65-489C-87F9-768E8831210B}.Debug|Any CPU.Build.0 = Debug|Any CPU
		{305C204D-3B65-489C-87F9-768E8831210B}.Release|Any CPU.ActiveCfg = Release|Any CPU
		{305C204D-3B65-489C-87F9-768E8831210B}.Release|Any CPU.Build.0 = Release|Any CPU
	EndGlobalSection
	GlobalSection(SolutionProperties) = preSolution
		HideSolutionNode = FALSE
	EndGlobalSection
	GlobalSection(ExtensibilityGlobals) = postSolution
		SolutionGuid = {0390423B-1E87-4287-A30C-358731119DBD}
	EndGlobalSection
EndGlobal
